
Microsoft Visual Studio Solution File, Format Version 12.00
# Visual Studio Version 16
VisualStudioVersion = 16.0.31624.102
MinimumVisualStudioVersion = 10.0.40219.1
Project("{FAE04EC0-301F-11D3-BF4B-00C04F79EFBC}") = "TodoBE", "TodoBE.csproj", "{2477EC52-612F-49E0-8A8D-B1AD58A35D09}"
EndProject
Global
	GlobalSection(SolutionConfigurationPlatforms) = preSolution
		Debug|Any CPU = Debug|Any CPU
		Release|Any CPU = Release|Any CPU
	EndGlobalSection
	GlobalSection(ProjectConfigurationPlatforms) = postSolution
		{2477EC52-612F-49E0-8A8D-B1AD58A35D09}.Debug|Any CPU.ActiveCfg = Debug|Any CPU
		{2477EC52-612F-49E0-8A8D-B1AD58A35D09}.Debug|Any CPU.Build.0 = Debug|Any CPU
		{2477EC52-612F-49E0-8A8D-B1AD58A35D09}.Release|Any CPU.ActiveCfg = Release|Any CPU
		{2477EC52-612F-49E0-8A8D-B1AD58A35D09}.Release|Any CPU.Build.0 = Release|Any CPU
	EndGlobalSection
	GlobalSection(SolutionProperties) = preSolution
		HideSolutionNode = FALSE
	EndGlobalSection
	GlobalSection(ExtensibilityGlobals) = postSolution
		SolutionGuid = {3E6D6F46-F2B9-407A-85EF-8745335A0CEE}
	EndGlobalSection
EndGlobal
